<?xml version="1.0" encoding="utf-8"?>
<Project ToolsVersion="4.0" xmlns="http://schemas.microsoft.com/developer/msbuild/2003">
  <ItemGroup>
    <Filter Include="NTSGraphics">
      <UniqueIdentifier>{EB4C945D-5702-0D53-E0F6-062A4CAB0357}</UniqueIdentifier>
    </Filter>
    <Filter Include="NTSGraphics\Api">
      <UniqueIdentifier>{94B39177-003F-FF3B-0950-8230755A5B3C}</UniqueIdentifier>
    </Filter>
    <Filter Include="NTSGraphics\Api\DirectX11">
      <UniqueIdentifier>{58DE6D9D-C4A0-A127-0D51-30B479527A05}</UniqueIdentifier>
    </Filter>
    <Filter Include="NTSGraphics\Api\DirectX12">
      <UniqueIdentifier>{59DE6D9D-C5A0-A127-0E51-30B47A527A05}</UniqueIdentifier>
    </Filter>
    <Filter Include="NTSGraphics\Api\Metal">
      <UniqueIdentifier>{9643C40C-02B0-7F07-CBA3-176537CFA16F}</UniqueIdentifier>
    </Filter>
    <Filter Include="NTSGraphics\Api\Opengl">
      <UniqueIdentifier>{8812B6AA-740C-DFFC-5D79-750D49124569}</UniqueIdentifier>
    </Filter>
    <Filter Include="NTSGraphics\Api\Software">
      <UniqueIdentifier>{4E4D5C97-3A72-AB17-63BD-90A74F41AA35}</UniqueIdentifier>
    </Filter>
    <Filter Include="NTSGraphics\Api\Vulkan">
      <UniqueIdentifier>{947268BB-806C-910D-69D9-271E5572F779}</UniqueIdentifier>
    </Filter>
    <Filter Include="NTSGraphics\Core">
      <UniqueIdentifier>{233CC969-0F35-E8BB-3867-CD4024BFC7C7}</UniqueIdentifier>
    </Filter>
    <Filter Include="NTSGraphics\G2D">
      <UniqueIdentifier>{F7C49177-6350-FF3B-6C61-8230D86B5B3C}</UniqueIdentifier>
    </Filter>
    <Filter Include="NTSGraphics\G2D\Shape">
      <UniqueIdentifier>{777C0070-E3E8-BB6A-ACDC-53C81808DED2}</UniqueIdentifier>
    </Filter>
    <Filter Include="NTSGraphics\Platform">
      <UniqueIdentifier>{9F418B58-8BD0-1422-34EF-281D205D25C8}</UniqueIdentifier>
    </Filter>
    <Filter Include="NTSGraphics\Platform\Linux">
      <UniqueIdentifier>{FEEFE020-EAFF-8CF1-53B9-F10F3FE87B8A}</UniqueIdentifier>
    </Filter>
    <Filter Include="NTSGraphics\Platform\Linux\XCB">
      <UniqueIdentifier>{0A04D087-F629-9AEE-DF6F-1FBACB34BFBA}</UniqueIdentifier>
    </Filter>
    <Filter Include="NTSGraphics\Platform\Linux\XLIB">
      <UniqueIdentifier>{BCACD081-2890-DFC1-3193-0DFE9DF5A512}</UniqueIdentifier>
    </Filter>
    <Filter Include="NTSGraphics\Platform\Windows">
      <UniqueIdentifier>{D91A942B-C5D5-83D7-6E8D-FC215A27CE67}</UniqueIdentifier>
    </Filter>
    <Filter Include="pch">
      <UniqueIdentifier>{809C880B-ECA5-887C-7521-9F7CE129947C}</UniqueIdentifier>
    </Filter>
  </ItemGroup>
  <ItemGroup>
    <ClInclude Include="src\NTSGraphics\Api\DirectX11\InternalShader.h">
      <Filter>NTSGraphics\Api\DirectX11</Filter>
    </ClInclude>
    <ClInclude Include="src\NTSGraphics\Api\DirectX12\InternalShader.h">
      <Filter>NTSGraphics\Api\DirectX12</Filter>
    </ClInclude>
    <ClInclude Include="src\NTSGraphics\Api\Metal\InternalShader.h">
      <Filter>NTSGraphics\Api\Metal</Filter>
    </ClInclude>
    <ClInclude Include="src\NTSGraphics\Api\Opengl\OpenGLUtils.h">
      <Filter>NTSGraphics\Api\Opengl</Filter>
    </ClInclude>
    <ClInclude Include="src\NTSGraphics\Api\Opengl\OpenglContext.h">
      <Filter>NTSGraphics\Api\Opengl</Filter>
    </ClInclude>
    <ClInclude Include="src\NTSGraphics\Api\Opengl\OpenglIndexBuffer.h">
      <Filter>NTSGraphics\Api\Opengl</Filter>
    </ClInclude>
    <ClInclude Include="src\NTSGraphics\Api\Opengl\OpenglRenderTexture.h">
      <Filter>NTSGraphics\Api\Opengl</Filter>
    </ClInclude>
    <ClInclude Include="src\NTSGraphics\Api\Opengl\OpenglRenderWindow.h">
      <Filter>NTSGraphics\Api\Opengl</Filter>
    </ClInclude>
    <ClInclude Include="src\NTSGraphics\Api\Opengl\OpenglShader.h">
      <Filter>NTSGraphics\Api\Opengl</Filter>
    </ClInclude>
    <ClInclude Include="src\NTSGraphics\Api\Opengl\OpenglShaderInputLayout.h">
      <Filter>NTSGraphics\Api\Opengl</Filter>
    </ClInclude>
    <ClInclude Include="src\NTSGraphics\Api\Opengl\OpenglTexture.h">
      <Filter>NTSGraphics\Api\Opengl</Filter>
    </ClInclude>
    <ClInclude Include="src\NTSGraphics\Api\Opengl\OpenglUniformBuffer.h">
      <Filter>NTSGraphics\Api\Opengl</Filter>
    </ClInclude>
    <ClInclude Include="src\NTSGraphics\Api\Opengl\OpenglVertexArrayBuffer.h">
      <Filter>NTSGraphics\Api\Opengl</Filter>
    </ClInclude>
    <ClInclude Include="src\NTSGraphics\Api\Opengl\OpenglVertexBuffer.h">
      <Filter>NTSGraphics\Api\Opengl</Filter>
    </ClInclude>
    <ClInclude Include="src\NTSGraphics\Api\Software\InternalContext.h">
      <Filter>NTSGraphics\Api\Software</Filter>
    </ClInclude>
    <ClInclude Include="src\NTSGraphics\Api\Software\InternalRenderer.h">
      <Filter>NTSGraphics\Api\Software</Filter>
    </ClInclude>
    <ClInclude Include="src\NTSGraphics\Api\Software\InternalShader.h">
      <Filter>NTSGraphics\Api\Software</Filter>
    </ClInclude>
    <ClInclude Include="src\NTSGraphics\Api\Vulkan\VulkanContext.h">
      <Filter>NTSGraphics\Api\Vulkan</Filter>
    </ClInclude>
    <ClInclude Include="src\NTSGraphics\Api\Vulkan\VulkanIndexBuffer.h">
      <Filter>NTSGraphics\Api\Vulkan</Filter>
    </ClInclude>
    <ClInclude Include="src\NTSGraphics\Api\Vulkan\VulkanRenderTexture.h">
      <Filter>NTSGraphics\Api\Vulkan</Filter>
    </ClInclude>
    <ClInclude Include="src\NTSGraphics\Api\Vulkan\VulkanRenderWindow.h">
      <Filter>NTSGraphics\Api\Vulkan</Filter>
    </ClInclude>
    <ClInclude Include="src\NTSGraphics\Api\Vulkan\VulkanShader.h">
      <Filter>NTSGraphics\Api\Vulkan</Filter>
    </ClInclude>
    <ClInclude Include="src\NTSGraphics\Api\Vulkan\VulkanShaderInputLayout.h">
      <Filter>NTSGraphics\Api\Vulkan</Filter>
    </ClInclude>
    <ClInclude Include="src\NTSGraphics\Api\Vulkan\VulkanTexture.h">
      <Filter>NTSGraphics\Api\Vulkan</Filter>
    </ClInclude>
    <ClInclude Include="src\NTSGraphics\Api\Vulkan\VulkanUniformBuffer.h">
      <Filter>NTSGraphics\Api\Vulkan</Filter>
    </ClInclude>
    <ClInclude Include="src\NTSGraphics\Api\Vulkan\VulkanUtils.h">
      <Filter>NTSGraphics\Api\Vulkan</Filter>
    </ClInclude>
    <ClInclude Include="src\NTSGraphics\Api\Vulkan\VulkanVertexArrayBuffer.h">
      <Filter>NTSGraphics\Api\Vulkan</Filter>
    </ClInclude>
    <ClInclude Include="src\NTSGraphics\Api\Vulkan\VulkanVertexBuffer.h">
      <Filter>NTSGraphics\Api\Vulkan</Filter>
    </ClInclude>
    <ClInclude Include="src\NTSGraphics\Core\Context.h">
      <Filter>NTSGraphics\Core</Filter>
    </ClInclude>
    <ClInclude Include="src\NTSGraphics\Core\Font.h">
      <Filter>NTSGraphics\Core</Filter>
    </ClInclude>
    <ClInclude Include="src\NTSGraphics\Core\Glyph.h">
      <Filter>NTSGraphics\Core</Filter>
    </ClInclude>
    <ClInclude Include="src\NTSGraphics\Core\GraphicsEnum.h">
      <Filter>NTSGraphics\Core</Filter>
    </ClInclude>
    <ClInclude Include="src\NTSGraphics\Core\GraphicsProperties.h">
      <Filter>NTSGraphics\Core</Filter>
    </ClInclude>
    <ClInclude Include="src\NTSGraphics\Core\Image.h">
      <Filter>NTSGraphics\Core</Filter>
    </ClInclude>
    <ClInclude Include="src\NTSGraphics\Core\IndexBuffer.h">
      <Filter>NTSGraphics\Core</Filter>
    </ClInclude>
    <ClInclude Include="src\NTSGraphics\Core\Log.h">
      <Filter>NTSGraphics\Core</Filter>
    </ClInclude>
    <ClInclude Include="src\NTSGraphics\Core\PrimitiveMesh.h">
      <Filter>NTSGraphics\Core</Filter>
    </ClInclude>
    <ClInclude Include="src\NTSGraphics\Core\RenderTexture.h">
      <Filter>NTSGraphics\Core</Filter>
    </ClInclude>
    <ClInclude Include="src\NTSGraphics\Core\RenderWindow.h">
      <Filter>NTSGraphics\Core</Filter>
    </ClInclude>
    <ClInclude Include="src\NTSGraphics\Core\Renderer.h">
      <Filter>NTSGraphics\Core</Filter>
    </ClInclude>
    <ClInclude Include="src\NTSGraphics\Core\Shader.h">
      <Filter>NTSGraphics\Core</Filter>
    </ClInclude>
    <ClInclude Include="src\NTSGraphics\Core\ShaderInputLayout.h">
      <Filter>NTSGraphics\Core</Filter>
    </ClInclude>
    <ClInclude Include="src\NTSGraphics\Core\Text.h">
      <Filter>NTSGraphics\Core</Filter>
    </ClInclude>
    <ClInclude Include="src\NTSGraphics\Core\TextOutline.h">
      <Filter>NTSGraphics\Core</Filter>
    </ClInclude>
    <ClInclude Include="src\NTSGraphics\Core\Texture.h">
      <Filter>NTSGraphics\Core</Filter>
    </ClInclude>
    <ClInclude Include="src\NTSGraphics\Core\UniformBuffer.h">
      <Filter>NTSGraphics\Core</Filter>
    </ClInclude>
    <ClInclude Include="src\NTSGraphics\Core\VertexArrayBuffer.h">
      <Filter>NTSGraphics\Core</Filter>
    </ClInclude>
    <ClInclude Include="src\NTSGraphics\Core\VertexBuffer.h">
      <Filter>NTSGraphics\Core</Filter>
    </ClInclude>
    <ClInclude Include="src\NTSGraphics\Core\View.h">
      <Filter>NTSGraphics\Core</Filter>
    </ClInclude>
    <ClInclude Include="src\NTSGraphics\G2D\FontGlyph.h">
      <Filter>NTSGraphics\G2D</Filter>
    </ClInclude>
    <ClInclude Include="src\NTSGraphics\G2D\FontTexture.h">
      <Filter>NTSGraphics\G2D</Filter>
    </ClInclude>
    <ClInclude Include="src\NTSGraphics\G2D\Geometry2D.h">
      <Filter>NTSGraphics\G2D</Filter>
    </ClInclude>
    <ClInclude Include="src\NTSGraphics\G2D\GlyphTexture.h">
      <Filter>NTSGraphics\G2D</Filter>
    </ClInclude>
    <ClInclude Include="src\NTSGraphics\G2D\RenderCache2D.h">
      <Filter>NTSGraphics\G2D</Filter>
    </ClInclude>
    <ClInclude Include="src\NTSGraphics\G2D\RenderCommand.h">
      <Filter>NTSGraphics\G2D</Filter>
    </ClInclude>
    <ClInclude Include="src\NTSGraphics\G2D\RenderCommand2D.h">
      <Filter>NTSGraphics\G2D</Filter>
    </ClInclude>
    <ClInclude Include="src\NTSGraphics\G2D\RenderData2D.h">
      <Filter>NTSGraphics\G2D</Filter>
    </ClInclude>
    <ClInclude Include="src\NTSGraphics\G2D\Renderable2D.h">
      <Filter>NTSGraphics\G2D</Filter>
    </ClInclude>
    <ClInclude Include="src\NTSGraphics\G2D\Renderer2D.h">
      <Filter>NTSGraphics\G2D</Filter>
    </ClInclude>
    <ClInclude Include="src\NTSGraphics\G2D\Shape\Shape2D.h">
      <Filter>NTSGraphics\G2D\Shape</Filter>
    </ClInclude>
    <ClInclude Include="src\NTSGraphics\G2D\Text2D.h">
      <Filter>NTSGraphics\G2D</Filter>
    </ClInclude>
    <ClInclude Include="src\NTSGraphics\G2D\Transform2D.h">
      <Filter>NTSGraphics\G2D</Filter>
    </ClInclude>
    <ClInclude Include="src\NTSGraphics\G2D\Vertex2D.h">
      <Filter>NTSGraphics\G2D</Filter>
    </ClInclude>
    <ClInclude Include="src\NTSGraphics\G2D\VertexArray2D.h">
      <Filter>NTSGraphics\G2D</Filter>
    </ClInclude>
    <ClInclude Include="src\NTSGraphics\Platform\Linux\XCB\XGLContext.h">
      <Filter>NTSGraphics\Platform\Linux\XCB</Filter>
    </ClInclude>
    <ClInclude Include="src\NTSGraphics\Platform\Linux\XLIB\XGLContext.h">
      <Filter>NTSGraphics\Platform\Linux\XLIB</Filter>
    </ClInclude>
    <ClInclude Include="src\NTSGraphics\Platform\WindowInfo.h">
      <Filter>NTSGraphics\Platform</Filter>
    </ClInclude>
    <ClInclude Include="src\NTSGraphics\Platform\Windows\WGLContext.h">
      <Filter>NTSGraphics\Platform\Windows</Filter>
    </ClInclude>
    <ClInclude Include="src\pch\ntspch.h">
      <Filter>pch</Filter>
    </ClInclude>
  </ItemGroup>
  <ItemGroup>
    <ClCompile Include="src\NTSGraphics\Api\DirectX11\InternalShader.cpp">
      <Filter>NTSGraphics\Api\DirectX11</Filter>
    </ClCompile>
    <ClCompile Include="src\NTSGraphics\Api\DirectX12\InternalShader.cpp">
      <Filter>NTSGraphics\Api\DirectX12</Filter>
    </ClCompile>
    <ClCompile Include="src\NTSGraphics\Api\Metal\InternalShader.cpp">
      <Filter>NTSGraphics\Api\Metal</Filter>
    </ClCompile>
    <ClCompile Include="src\NTSGraphics\Api\Opengl\OpenGLUtils.cpp">
      <Filter>NTSGraphics\Api\Opengl</Filter>
    </ClCompile>
    <ClCompile Include="src\NTSGraphics\Api\Opengl\OpenglContext.cpp">
      <Filter>NTSGraphics\Api\Opengl</Filter>
    </ClCompile>
    <ClCompile Include="src\NTSGraphics\Api\Opengl\OpenglIndexBuffer.cpp">
      <Filter>NTSGraphics\Api\Opengl</Filter>
    </ClCompile>
    <ClCompile Include="src\NTSGraphics\Api\Opengl\OpenglRenderTexture.cpp">
      <Filter>NTSGraphics\Api\Opengl</Filter>
    </ClCompile>
    <ClCompile Include="src\NTSGraphics\Api\Opengl\OpenglRenderWindow.cpp">
      <Filter>NTSGraphics\Api\Opengl</Filter>
    </ClCompile>
    <ClCompile Include="src\NTSGraphics\Api\Opengl\OpenglShader.cpp">
      <Filter>NTSGraphics\Api\Opengl</Filter>
    </ClCompile>
    <ClCompile Include="src\NTSGraphics\Api\Opengl\OpenglShaderInputLayout.cpp">
      <Filter>NTSGraphics\Api\Opengl</Filter>
    </ClCompile>
    <ClCompile Include="src\NTSGraphics\Api\Opengl\OpenglTexture.cpp">
      <Filter>NTSGraphics\Api\Opengl</Filter>
    </ClCompile>
    <ClCompile Include="src\NTSGraphics\Api\Opengl\OpenglUniformBuffer.cpp">
      <Filter>NTSGraphics\Api\Opengl</Filter>
    </ClCompile>
    <ClCompile Include="src\NTSGraphics\Api\Opengl\OpenglVertexArrayBuffer.cpp">
      <Filter>NTSGraphics\Api\Opengl</Filter>
    </ClCompile>
    <ClCompile Include="src\NTSGraphics\Api\Opengl\OpenglVertexBuffer.cpp">
      <Filter>NTSGraphics\Api\Opengl</Filter>
    </ClCompile>
    <ClCompile Include="src\NTSGraphics\Api\Software\InternalContext.cpp">
      <Filter>NTSGraphics\Api\Software</Filter>
    </ClCompile>
    <ClCompile Include="src\NTSGraphics\Api\Software\InternalRenderer.cpp">
      <Filter>NTSGraphics\Api\Software</Filter>
    </ClCompile>
    <ClCompile Include="src\NTSGraphics\Api\Software\InternalShader.cpp">
      <Filter>NTSGraphics\Api\Software</Filter>
    </ClCompile>
    <ClCompile Include="src\NTSGraphics\Api\Vulkan\VulkanContext.cpp">
      <Filter>NTSGraphics\Api\Vulkan</Filter>
    </ClCompile>
    <ClCompile Include="src\NTSGraphics\Api\Vulkan\VulkanIndexBuffer.cpp">
      <Filter>NTSGraphics\Api\Vulkan</Filter>
    </ClCompile>
    <ClCompile Include="src\NTSGraphics\Api\Vulkan\VulkanRenderTexture.cpp">
      <Filter>NTSGraphics\Api\Vulkan</Filter>
    </ClCompile>
    <ClCompile Include="src\NTSGraphics\Api\Vulkan\VulkanRenderWindow.cpp">
      <Filter>NTSGraphics\Api\Vulkan</Filter>
    </ClCompile>
    <ClCompile Include="src\NTSGraphics\Api\Vulkan\VulkanShader.cpp">
      <Filter>NTSGraphics\Api\Vulkan</Filter>
    </ClCompile>
    <ClCompile Include="src\NTSGraphics\Api\Vulkan\VulkanShaderInputLayout.cpp">
      <Filter>NTSGraphics\Api\Vulkan</Filter>
    </ClCompile>
    <ClCompile Include="src\NTSGraphics\Api\Vulkan\VulkanTexture.cpp">
      <Filter>NTSGraphics\Api\Vulkan</Filter>
    </ClCompile>
    <ClCompile Include="src\NTSGraphics\Api\Vulkan\VulkanUniformBuffer.cpp">
      <Filter>NTSGraphics\Api\Vulkan</Filter>
    </ClCompile>
    <ClCompile Include="src\NTSGraphics\Api\Vulkan\VulkanUtils.cpp">
      <Filter>NTSGraphics\Api\Vulkan</Filter>
    </ClCompile>
    <ClCompile Include="src\NTSGraphics\Api\Vulkan\VulkanVertexArrayBuffer.cpp">
      <Filter>NTSGraphics\Api\Vulkan</Filter>
    </ClCompile>
    <ClCompile Include="src\NTSGraphics\Api\Vulkan\VulkanVertexBuffer.cpp">
      <Filter>NTSGraphics\Api\Vulkan</Filter>
    </ClCompile>
    <ClCompile Include="src\NTSGraphics\Core\Context.cpp">
      <Filter>NTSGraphics\Core</Filter>
    </ClCompile>
    <ClCompile Include="src\NTSGraphics\Core\Font.cpp">
      <Filter>NTSGraphics\Core</Filter>
    </ClCompile>
    <ClCompile Include="src\NTSGraphics\Core\Glyph.cpp">
      <Filter>NTSGraphics\Core</Filter>
    </ClCompile>
    <ClCompile Include="src\NTSGraphics\Core\GraphicsEnum.cpp">
      <Filter>NTSGraphics\Core</Filter>
    </ClCompile>
    <ClCompile Include="src\NTSGraphics\Core\GraphicsProperties.cpp">
      <Filter>NTSGraphics\Core</Filter>
    </ClCompile>
    <ClCompile Include="src\NTSGraphics\Core\Image.cpp">
      <Filter>NTSGraphics\Core</Filter>
    </ClCompile>
    <ClCompile Include="src\NTSGraphics\Core\IndexBuffer.cpp">
      <Filter>NTSGraphics\Core</Filter>
    </ClCompile>
    <ClCompile Include="src\NTSGraphics\Core\PrimitiveMesh.cpp">
      <Filter>NTSGraphics\Core</Filter>
    </ClCompile>
    <ClCompile Include="src\NTSGraphics\Core\RenderTexture.cpp">
      <Filter>NTSGraphics\Core</Filter>
    </ClCompile>
    <ClCompile Include="src\NTSGraphics\Core\RenderWindow.cpp">
      <Filter>NTSGraphics\Core</Filter>
    </ClCompile>
    <ClCompile Include="src\NTSGraphics\Core\Renderer.cpp">
      <Filter>NTSGraphics\Core</Filter>
    </ClCompile>
    <ClCompile Include="src\NTSGraphics\Core\Shader.cpp">
      <Filter>NTSGraphics\Core</Filter>
    </ClCompile>
    <ClCompile Include="src\NTSGraphics\Core\ShaderInputLayout.cpp">
      <Filter>NTSGraphics\Core</Filter>
    </ClCompile>
    <ClCompile Include="src\NTSGraphics\Core\Text.cpp">
      <Filter>NTSGraphics\Core</Filter>
    </ClCompile>
    <ClCompile Include="src\NTSGraphics\Core\TextOutline.cpp">
      <Filter>NTSGraphics\Core</Filter>
    </ClCompile>
    <ClCompile Include="src\NTSGraphics\Core\Texture.cpp">
      <Filter>NTSGraphics\Core</Filter>
    </ClCompile>
    <ClCompile Include="src\NTSGraphics\Core\UniformBuffer.cpp">
      <Filter>NTSGraphics\Core</Filter>
    </ClCompile>
    <ClCompile Include="src\NTSGraphics\Core\VertexArrayBuffer.cpp">
      <Filter>NTSGraphics\Core</Filter>
    </ClCompile>
    <ClCompile Include="src\NTSGraphics\Core\VertexBuffer.cpp">
      <Filter>NTSGraphics\Core</Filter>
    </ClCompile>
    <ClCompile Include="src\NTSGraphics\Core\View.cpp">
      <Filter>NTSGraphics\Core</Filter>
    </ClCompile>
    <ClCompile Include="src\NTSGraphics\G2D\FontGlyph.cpp">
      <Filter>NTSGraphics\G2D</Filter>
    </ClCompile>
    <ClCompile Include="src\NTSGraphics\G2D\FontTexture.cpp">
      <Filter>NTSGraphics\G2D</Filter>
    </ClCompile>
    <ClCompile Include="src\NTSGraphics\G2D\Geometry2D.cpp">
      <Filter>NTSGraphics\G2D</Filter>
    </ClCompile>
    <ClCompile Include="src\NTSGraphics\G2D\GlyphTexture.cpp">
      <Filter>NTSGraphics\G2D</Filter>
    </ClCompile>
    <ClCompile Include="src\NTSGraphics\G2D\RenderCache2D.cpp">
      <Filter>NTSGraphics\G2D</Filter>
    </ClCompile>
    <ClCompile Include="src\NTSGraphics\G2D\RenderCommand.cpp">
      <Filter>NTSGraphics\G2D</Filter>
    </ClCompile>
    <ClCompile Include="src\NTSGraphics\G2D\RenderCommand2D.cpp">
      <Filter>NTSGraphics\G2D</Filter>
    </ClCompile>
    <ClCompile Include="src\NTSGraphics\G2D\RenderData2D.cpp">
      <Filter>NTSGraphics\G2D</Filter>
    </ClCompile>
    <ClCompile Include="src\NTSGraphics\G2D\Renderable2D.cpp">
      <Filter>NTSGraphics\G2D</Filter>
    </ClCompile>
    <ClCompile Include="src\NTSGraphics\G2D\Renderer2D.cpp">
      <Filter>NTSGraphics\G2D</Filter>
    </ClCompile>
    <ClCompile Include="src\NTSGraphics\G2D\Shape\Shape2D.cpp">
      <Filter>NTSGraphics\G2D\Shape</Filter>
    </ClCompile>
    <ClCompile Include="src\NTSGraphics\G2D\Text2D.cpp">
      <Filter>NTSGraphics\G2D</Filter>
    </ClCompile>
    <ClCompile Include="src\NTSGraphics\G2D\Transform2D.cpp">
      <Filter>NTSGraphics\G2D</Filter>
    </ClCompile>
    <ClCompile Include="src\NTSGraphics\G2D\Vertex2D.cpp">
      <Filter>NTSGraphics\G2D</Filter>
    </ClCompile>
    <ClCompile Include="src\NTSGraphics\G2D\VertexArray2D.cpp">
      <Filter>NTSGraphics\G2D</Filter>
    </ClCompile>
    <ClCompile Include="src\NTSGraphics\Platform\Linux\XCB\XGLContext.cpp">
      <Filter>NTSGraphics\Platform\Linux\XCB</Filter>
    </ClCompile>
    <ClCompile Include="src\NTSGraphics\Platform\Linux\XLIB\XGLContext.cpp">
      <Filter>NTSGraphics\Platform\Linux\XLIB</Filter>
    </ClCompile>
    <ClCompile Include="src\NTSGraphics\Platform\WindowInfo.cpp">
      <Filter>NTSGraphics\Platform</Filter>
    </ClCompile>
    <ClCompile Include="src\NTSGraphics\Platform\Windows\WGLContext.cpp">
      <Filter>NTSGraphics\Platform\Windows</Filter>
    </ClCompile>
    <ClCompile Include="src\pch\ntspch.cpp">
      <Filter>pch</Filter>
    </ClCompile>
  </ItemGroup>
</Project>